
Microsoft Visual Studio Solution File, Format Version 12.00
# Visual Studio Version 16
VisualStudioVersion = 16.0.32228.343
MinimumVisualStudioVersion = 10.0.40219.1
Project("{FAE04EC0-301F-11D3-BF4B-00C04F79EFBC}") = "PersonnelApp.Entities", "PersonnelApp.Entities\PersonnelApp.Entities.csproj", "{F920CA3D-E0F0-431A-9BD0-81E83EF85B2C}"
EndProject
Project("{FAE04EC0-301F-11D3-BF4B-00C04F79EFBC}") = "PersonnelApp.Dal", "PersonnelApp.Dal\PersonnelApp.Dal.csproj", "{B4E893FE-687D-4F78-AC6E-55A77A0FD353}"
EndProject
Project("{FAE04EC0-301F-11D3-BF4B-00C04F79EFBC}") = "PersonnelaApp.Console.UI", "PersonnelaApp.Console.UI\PersonnelaApp.Console.UI.csproj", "{DA09AC66-B6CB-48B8-8826-BA1C0F69F524}"
EndProject
Global
	GlobalSection(SolutionConfigurationPlatforms) = preSolution
		Debug|Any CPU = Debug|Any CPU
		Release|Any CPU = Release|Any CPU
	EndGlobalSection
	GlobalSection(ProjectConfigurationPlatforms) = postSolution
		{F920CA3D-E0F0-431A-9BD0-81E83EF85B2C}.Debug|Any CPU.ActiveCfg = Debug|Any CPU
		{F920CA3D-E0F0-431A-9BD0-81E83EF85B2C}.Debug|Any CPU.Build.0 = Debug|Any CPU
		{F920CA3D-E0F0-431A-9BD0-81E83EF85B2C}.Release|Any CPU.ActiveCfg = Release|Any CPU
		{F920CA3D-E0F0-431A-9BD0-81E83EF85B2C}.Release|Any CPU.Build.0 = Release|Any CPU
		{B4E893FE-687D-4F78-AC6E-55A77A0FD353}.Debug|Any CPU.ActiveCfg = Debug|Any CPU
		{B4E893FE-687D-4F78-AC6E-55A77A0FD353}.Debug|Any CPU.Build.0 = Debug|Any CPU
		{B4E893FE-687D-4F78-AC6E-55A77A0FD353}.Release|Any CPU.ActiveCfg = Release|Any CPU
		{B4E893FE-687D-4F78-AC6E-55A77A0FD353}.Release|Any CPU.Build.0 = Release|Any CPU
		{DA09AC66-B6CB-48B8-8826-BA1C0F69F524}.Debug|Any CPU.ActiveCfg = Debug|Any CPU
		{DA09AC66-B6CB-48B8-8826-BA1C0F69F524}.Debug|Any CPU.Build.0 = Debug|Any CPU
		{DA09AC66-B6CB-48B8-8826-BA1C0F69F524}.Release|Any CPU.ActiveCfg = Release|Any CPU
		{DA09AC66-B6CB-48B8-8826-BA1C0F69F524}.Release|Any CPU.Build.0 = Release|Any CPU
	EndGlobalSection
	GlobalSection(SolutionProperties) = preSolution
		HideSolutionNode = FALSE
	EndGlobalSection
	GlobalSection(ExtensibilityGlobals) = postSolution
		SolutionGuid = {39D94B15-EEEE-456E-A4D3-404E4438BBF1}
	EndGlobalSection
EndGlobal
